
Microsoft Visual Studio Solution File, Format Version 12.00
# Visual Studio Version 16
VisualStudioVersion = 16.0.29306.81
MinimumVisualStudioVersion = 10.0.40219.1
Project("{FAE04EC0-301F-11D3-BF4B-00C04F79EFBC}") = "PlayingWithAlogAndData", "PlayingWithAlogAndData\PlayingWithAlogAndData.csproj", "{D456C257-B489-4698-9681-C02343B06AB8}"
EndProject
Project("{FAE04EC0-301F-11D3-BF4B-00C04F79EFBC}") = "LinkedList", "LinkedList\LinkedList.csproj", "{6E2B271F-0843-4E78-A053-D058666726E5}"
EndProject
Project("{FAE04EC0-301F-11D3-BF4B-00C04F79EFBC}") = "StackSM", "StackSM\StackSM.csproj", "{BE1643BF-D20F-4174-A62F-5D20F75BEF51}"
EndProject
Project("{FAE04EC0-301F-11D3-BF4B-00C04F79EFBC}") = "Algorithms", "Algorithms\Algorithms.csproj", "{F4DE6718-8D61-41D0-9FE4-4BB6B2415FC4}"
EndProject
Project("{FAE04EC0-301F-11D3-BF4B-00C04F79EFBC}") = "DoublyLinkedList", "DoublyLinkedList\DoublyLinkedList.csproj", "{81AD0836-AA23-40C7-AAED-0F3B70E02D88}"
EndProject
Project("{FAE04EC0-301F-11D3-BF4B-00C04F79EFBC}") = "CircularLinkedList", "CircularLinkedList\CircularLinkedList.csproj", "{2203E2B6-CB2D-4699-A5C2-AD92C5B76B00}"
EndProject
Global
	GlobalSection(SolutionConfigurationPlatforms) = preSolution
		Debug|Any CPU = Debug|Any CPU
		Release|Any CPU = Release|Any CPU
	EndGlobalSection
	GlobalSection(ProjectConfigurationPlatforms) = postSolution
		{D456C257-B489-4698-9681-C02343B06AB8}.Debug|Any CPU.ActiveCfg = Debug|Any CPU
		{D456C257-B489-4698-9681-C02343B06AB8}.Debug|Any CPU.Build.0 = Debug|Any CPU
		{D456C257-B489-4698-9681-C02343B06AB8}.Release|Any CPU.ActiveCfg = Release|Any CPU
		{D456C257-B489-4698-9681-C02343B06AB8}.Release|Any CPU.Build.0 = Release|Any CPU
		{6E2B271F-0843-4E78-A053-D058666726E5}.Debug|Any CPU.ActiveCfg = Debug|Any CPU
		{6E2B271F-0843-4E78-A053-D058666726E5}.Debug|Any CPU.Build.0 = Debug|Any CPU
		{6E2B271F-0843-4E78-A053-D058666726E5}.Release|Any CPU.ActiveCfg = Release|Any CPU
		{6E2B271F-0843-4E78-A053-D058666726E5}.Release|Any CPU.Build.0 = Release|Any CPU
		{BE1643BF-D20F-4174-A62F-5D20F75BEF51}.Debug|Any CPU.ActiveCfg = Debug|Any CPU
		{BE1643BF-D20F-4174-A62F-5D20F75BEF51}.Debug|Any CPU.Build.0 = Debug|Any CPU
		{BE1643BF-D20F-4174-A62F-5D20F75BEF51}.Release|Any CPU.ActiveCfg = Release|Any CPU
		{BE1643BF-D20F-4174-A62F-5D20F75BEF51}.Release|Any CPU.Build.0 = Release|Any CPU
		{F4DE6718-8D61-41D0-9FE4-4BB6B2415FC4}.Debug|Any CPU.ActiveCfg = Debug|Any CPU
		{F4DE6718-8D61-41D0-9FE4-4BB6B2415FC4}.Debug|Any CPU.Build.0 = Debug|Any CPU
		{F4DE6718-8D61-41D0-9FE4-4BB6B2415FC4}.Release|Any CPU.ActiveCfg = Release|Any CPU
		{F4DE6718-8D61-41D0-9FE4-4BB6B2415FC4}.Release|Any CPU.Build.0 = Release|Any CPU
		{81AD0836-AA23-40C7-AAED-0F3B70E02D88}.Debug|Any CPU.ActiveCfg = Debug|Any CPU
		{81AD0836-AA23-40C7-AAED-0F3B70E02D88}.Debug|Any CPU.Build.0 = Debug|Any CPU
		{81AD0836-AA23-40C7-AAED-0F3B70E02D88}.Release|Any CPU.ActiveCfg = Release|Any CPU
		{81AD0836-AA23-40C7-AAED-0F3B70E02D88}.Release|Any CPU.Build.0 = Release|Any CPU
		{2203E2B6-CB2D-4699-A5C2-AD92C5B76B00}.Debug|Any CPU.ActiveCfg = Debug|Any CPU
		{2203E2B6-CB2D-4699-A5C2-AD92C5B76B00}.Debug|Any CPU.Build.0 = Debug|Any CPU
		{2203E2B6-CB2D-4699-A5C2-AD92C5B76B00}.Release|Any CPU.ActiveCfg = Release|Any CPU
		{2203E2B6-CB2D-4699-A5C2-AD92C5B76B00}.Release|Any CPU.Build.0 = Release|Any CPU
	EndGlobalSection
	GlobalSection(SolutionProperties) = preSolution
		HideSolutionNode = FALSE
	EndGlobalSection
	GlobalSection(ExtensibilityGlobals) = postSolution
		SolutionGuid = {1E9D2E31-BFA9-4CFF-8A06-3B4F24050C05}
	EndGlobalSection
EndGlobal
